
Microsoft Visual Studio Solution File, Format Version 12.00
# Visual Studio Version 17
VisualStudioVersion = 17.14.36804.6
MinimumVisualStudioVersion = 10.0.40219.1
Project("{8BC9CEB8-8B4A-11D0-8D11-00A0C91BC942}") = "CompilerTest", "CompilerTest\CompilerTest.vcxproj", "{406F2C5B-B9D6-4E17-BF66-2198B1BC6CC9}"
EndProject
Project("{8BC9CEB8-8B4A-11D0-8D11-00A0C91BC942}") = "InlineFunction", "InlineFunction\InlineFunction.vcxproj", "{C8E5D35A-0679-42AE-AD08-B7450F9528F6}"
EndProject
Project("{8BC9CEB8-8B4A-11D0-8D11-00A0C91BC942}") = "Pointer", "Pointer\Pointer.vcxproj", "{5E5A84EA-31F4-4C5D-96F1-9C63BEFDC9E1}"
EndProject
Project("{8BC9CEB8-8B4A-11D0-8D11-00A0C91BC942}") = "Reference", "Reference\Reference.vcxproj", "{DE635BF9-C548-4168-BBAB-C60E12017D2E}"
EndProject
Project("{8BC9CEB8-8B4A-11D0-8D11-00A0C91BC942}") = "Array", "Array\Array.vcxproj", "{4ADA42C3-25F5-4804-BDE3-A07377DD4E2F}"
EndProject
Project("{8BC9CEB8-8B4A-11D0-8D11-00A0C91BC942}") = "String", "String\String.vcxproj", "{C2C4A4AD-8390-461A-A65F-5EF755309619}"
EndProject
Project("{8BC9CEB8-8B4A-11D0-8D11-00A0C91BC942}") = "Class", "Class\Class.vcxproj", "{CBA7A809-799C-4B35-B4AD-EBB5FE252DE3}"
EndProject
Project("{8BC9CEB8-8B4A-11D0-8D11-00A0C91BC942}") = "ClassAndArray", "ClassAndArray\ClassAndArray.vcxproj", "{D098A8C6-3400-4211-9623-4EC5B445C6E9}"
EndProject
Global
	GlobalSection(SolutionConfigurationPlatforms) = preSolution
		Debug|x64 = Debug|x64
		Debug|x86 = Debug|x86
		Release|x64 = Release|x64
		Release|x86 = Release|x86
	EndGlobalSection
	GlobalSection(ProjectConfigurationPlatforms) = postSolution
		{406F2C5B-B9D6-4E17-BF66-2198B1BC6CC9}.Debug|x64.ActiveCfg = Debug|x64
		{406F2C5B-B9D6-4E17-BF66-2198B1BC6CC9}.Debug|x64.Build.0 = Debug|x64
		{406F2C5B-B9D6-4E17-BF66-2198B1BC6CC9}.Debug|x86.ActiveCfg = Debug|Win32
		{406F2C5B-B9D6-4E17-BF66-2198B1BC6CC9}.Debug|x86.Build.0 = Debug|Win32
		{406F2C5B-B9D6-4E17-BF66-2198B1BC6CC9}.Release|x64.ActiveCfg = Release|x64
		{406F2C5B-B9D6-4E17-BF66-2198B1BC6CC9}.Release|x64.Build.0 = Release|x64
		{406F2C5B-B9D6-4E17-BF66-2198B1BC6CC9}.Release|x86.ActiveCfg = Release|Win32
		{406F2C5B-B9D6-4E17-BF66-2198B1BC6CC9}.Release|x86.Build.0 = Release|Win32
		{C8E5D35A-0679-42AE-AD08-B7450F9528F6}.Debug|x64.ActiveCfg = Debug|x64
		{C8E5D35A-0679-42AE-AD08-B7450F9528F6}.Debug|x64.Build.0 = Debug|x64
		{C8E5D35A-0679-42AE-AD08-B7450F9528F6}.Debug|x86.ActiveCfg = Debug|Win32
		{C8E5D35A-0679-42AE-AD08-B7450F9528F6}.Debug|x86.Build.0 = Debug|Win32
		{C8E5D35A-0679-42AE-AD08-B7450F9528F6}.Release|x64.ActiveCfg = Release|x64
		{C8E5D35A-0679-42AE-AD08-B7450F9528F6}.Release|x64.Build.0 = Release|x64
		{C8E5D35A-0679-42AE-AD08-B7450F9528F6}.Release|x86.ActiveCfg = Release|Win32
		{C8E5D35A-0679-42AE-AD08-B7450F9528F6}.Release|x86.Build.0 = Release|Win32
		{5E5A84EA-31F4-4C5D-96F1-9C63BEFDC9E1}.Debug|x64.ActiveCfg = Debug|x64
		{5E5A84EA-31F4-4C5D-96F1-9C63BEFDC9E1}.Debug|x64.Build.0 = Debug|x64
		{5E5A84EA-31F4-4C5D-96F1-9C63BEFDC9E1}.Debug|x86.ActiveCfg = Debug|Win32
		{5E5A84EA-31F4-4C5D-96F1-9C63BEFDC9E1}.Debug|x86.Build.0 = Debug|Win32
		{5E5A84EA-31F4-4C5D-96F1-9C63BEFDC9E1}.Release|x64.ActiveCfg = Release|x64
		{5E5A84EA-31F4-4C5D-96F1-9C63BEFDC9E1}.Release|x64.Build.0 = Release|x64
		{5E5A84EA-31F4-4C5D-96F1-9C63BEFDC9E1}.Release|x86.ActiveCfg = Release|Win32
		{5E5A84EA-31F4-4C5D-96F1-9C63BEFDC9E1}.Release|x86.Build.0 = Release|Win32
		{DE635BF9-C548-4168-BBAB-C60E12017D2E}.Debug|x64.ActiveCfg = Debug|x64
		{DE635BF9-C548-4168-BBAB-C60E12017D2E}.Debug|x64.Build.0 = Debug|x64
		{DE635BF9-C548-4168-BBAB-C60E12017D2E}.Debug|x86.ActiveCfg = Debug|Win32
		{DE635BF9-C548-4168-BBAB-C60E12017D2E}.Debug|x86.Build.0 = Debug|Win32
		{DE635BF9-C548-4168-BBAB-C60E12017D2E}.Release|x64.ActiveCfg = Release|x64
		{DE635BF9-C548-4168-BBAB-C60E12017D2E}.Release|x64.Build.0 = Release|x64
		{DE635BF9-C548-4168-BBAB-C60E12017D2E}.Release|x86.ActiveCfg = Release|Win32
		{DE635BF9-C548-4168-BBAB-C60E12017D2E}.Release|x86.Build.0 = Release|Win32
		{4ADA42C3-25F5-4804-BDE3-A07377DD4E2F}.Debug|x64.ActiveCfg = Debug|x64
		{4ADA42C3-25F5-4804-BDE3-A07377DD4E2F}.Debug|x64.Build.0 = Debug|x64
		{4ADA42C3-25F5-4804-BDE3-A07377DD4E2F}.Debug|x86.ActiveCfg = Debug|Win32
		{4ADA42C3-25F5-4804-BDE3-A07377DD4E2F}.Debug|x86.Build.0 = Debug|Win32
		{4ADA42C3-25F5-4804-BDE3-A07377DD4E2F}.Release|x64.ActiveCfg = Release|x64
		{4ADA42C3-25F5-4804-BDE3-A07377DD4E2F}.Release|x64.Build.0 = Release|x64
		{4ADA42C3-25F5-4804-BDE3-A07377DD4E2F}.Release|x86.ActiveCfg = Release|Win32
		{4ADA42C3-25F5-4804-BDE3-A07377DD4E2F}.Release|x86.Build.0 = Release|Win32
		{C2C4A4AD-8390-461A-A65F-5EF755309619}.Debug|x64.ActiveCfg = Debug|x64
		{C2C4A4AD-8390-461A-A65F-5EF755309619}.Debug|x64.Build.0 = Debug|x64
		{C2C4A4AD-8390-461A-A65F-5EF755309619}.Debug|x86.ActiveCfg = Debug|Win32
		{C2C4A4AD-8390-461A-A65F-5EF755309619}.Debug|x86.Build.0 = Debug|Win32
		{C2C4A4AD-8390-461A-A65F-5EF755309619}.Release|x64.ActiveCfg = Release|x64
		{C2C4A4AD-8390-461A-A65F-5EF755309619}.Release|x64.Build.0 = Release|x64
		{C2C4A4AD-8390-461A-A65F-5EF755309619}.Release|x86.ActiveCfg = Release|Win32
		{C2C4A4AD-8390-461A-A65F-5EF755309619}.Release|x86.Build.0 = Release|Win32
		{CBA7A809-799C-4B35-B4AD-EBB5FE252DE3}.Debug|x64.ActiveCfg = Debug|x64
		{CBA7A809-799C-4B35-B4AD-EBB5FE252DE3}.Debug|x64.Build.0 = Debug|x64
		{CBA7A809-799C-4B35-B4AD-EBB5FE252DE3}.Debug|x86.ActiveCfg = Debug|Win32
		{CBA7A809-799C-4B35-B4AD-EBB5FE252DE3}.Debug|x86.Build.0 = Debug|Win32
		{CBA7A809-799C-4B35-B4AD-EBB5FE252DE3}.Release|x64.ActiveCfg = Release|x64
		{CBA7A809-799C-4B35-B4AD-EBB5FE252DE3}.Release|x64.Build.0 = Release|x64
		{CBA7A809-799C-4B35-B4AD-EBB5FE252DE3}.Release|x86.ActiveCfg = Release|Win32
		{CBA7A809-799C-4B35-B4AD-EBB5FE252DE3}.Release|x86.Build.0 = Release|Win32
		{D098A8C6-3400-4211-9623-4EC5B445C6E9}.Debug|x64.ActiveCfg = Debug|x64
		{D098A8C6-3400-4211-9623-4EC5B445C6E9}.Debug|x64.Build.0 = Debug|x64
		{D098A8C6-3400-4211-9623-4EC5B445C6E9}.Debug|x86.ActiveCfg = Debug|Win32
		{D098A8C6-3400-4211-9623-4EC5B445C6E9}.Debug|x86.Build.0 = Debug|Win32
		{D098A8C6-3400-4211-9623-4EC5B445C6E9}.Release|x64.ActiveCfg = Release|x64
		{D098A8C6-3400-4211-9623-4EC5B445C6E9}.Release|x64.Build.0 = Release|x64
		{D098A8C6-3400-4211-9623-4EC5B445C6E9}.Release|x86.ActiveCfg = Release|Win32
		{D098A8C6-3400-4211-9623-4EC5B445C6E9}.Release|x86.Build.0 = Release|Win32
	EndGlobalSection
	GlobalSection(SolutionProperties) = preSolution
		HideSolutionNode = FALSE
	EndGlobalSection
	GlobalSection(ExtensibilityGlobals) = postSolution
		SolutionGuid = {40151F4A-0341-4F37-9B0F-F8A818840C2F}
	EndGlobalSection
EndGlobal
